
Microsoft Visual Studio Solution File, Format Version 12.00
# Visual Studio 14
VisualStudioVersion = 14.0.25420.1
MinimumVisualStudioVersion = 10.0.40219.1
Project("{FAE04EC0-301F-11D3-BF4B-00C04F79EFBC}") = "SimpleAndAdvancedMapping", "SimpleAndAdvancedMapping\SimpleAndAdvancedMapping.csproj", "{4B03C2EE-97BD-495B-9A78-6EACD96C7172}"
EndProject
Project("{FAE04EC0-301F-11D3-BF4B-00C04F79EFBC}") = "Projection", "Projection\Projection.csproj", "{B7EDF1AC-6B26-4E79-9F11-062AE19B90A2}"
EndProject
Global
	GlobalSection(SolutionConfigurationPlatforms) = preSolution
		Debug|Any CPU = Debug|Any CPU
		Release|Any CPU = Release|Any CPU
	EndGlobalSection
	GlobalSection(ProjectConfigurationPlatforms) = postSolution
		{4B03C2EE-97BD-495B-9A78-6EACD96C7172}.Debug|Any CPU.ActiveCfg = Debug|Any CPU
		{4B03C2EE-97BD-495B-9A78-6EACD96C7172}.Debug|Any CPU.Build.0 = Debug|Any CPU
		{4B03C2EE-97BD-495B-9A78-6EACD96C7172}.Release|Any CPU.ActiveCfg = Release|Any CPU
		{4B03C2EE-97BD-495B-9A78-6EACD96C7172}.Release|Any CPU.Build.0 = Release|Any CPU
		{B7EDF1AC-6B26-4E79-9F11-062AE19B90A2}.Debug|Any CPU.ActiveCfg = Debug|Any CPU
		{B7EDF1AC-6B26-4E79-9F11-062AE19B90A2}.Debug|Any CPU.Build.0 = Debug|Any CPU
		{B7EDF1AC-6B26-4E79-9F11-062AE19B90A2}.Release|Any CPU.ActiveCfg = Release|Any CPU
		{B7EDF1AC-6B26-4E79-9F11-062AE19B90A2}.Release|Any CPU.Build.0 = Release|Any CPU
	EndGlobalSection
	GlobalSection(SolutionProperties) = preSolution
		HideSolutionNode = FALSE
	EndGlobalSection
EndGlobal
